
Microsoft Visual Studio Solution File, Format Version 12.00
# Visual Studio Version 17
VisualStudioVersion = 17.11.35327.3
MinimumVisualStudioVersion = 10.0.40219.1
Project("{FAE04EC0-301F-11D3-BF4B-00C04F79EFBC}") = "Trabajo Practico - Pruebas de software", "Trabajo Practico - Pruebas de software.csproj", "{3C75C938-9FD1-4A19-AAA7-9E0C3553FF2E}"
EndProject
Global
	GlobalSection(SolutionConfigurationPlatforms) = preSolution
		Debug|Any CPU = Debug|Any CPU
		Release|Any CPU = Release|Any CPU
	EndGlobalSection
	GlobalSection(ProjectConfigurationPlatforms) = postSolution
		{3C75C938-9FD1-4A19-AAA7-9E0C3553FF2E}.Debug|Any CPU.ActiveCfg = Debug|Any CPU
		{3C75C938-9FD1-4A19-AAA7-9E0C3553FF2E}.Debug|Any CPU.Build.0 = Debug|Any CPU
		{3C75C938-9FD1-4A19-AAA7-9E0C3553FF2E}.Release|Any CPU.ActiveCfg = Release|Any CPU
		{3C75C938-9FD1-4A19-AAA7-9E0C3553FF2E}.Release|Any CPU.Build.0 = Release|Any CPU
	EndGlobalSection
	GlobalSection(SolutionProperties) = preSolution
		HideSolutionNode = FALSE
	EndGlobalSection
	GlobalSection(ExtensibilityGlobals) = postSolution
		SolutionGuid = {DE536C01-4F00-4C08-AB56-8999149E3C16}
	EndGlobalSection
EndGlobal
